# THIS IS AN AUTOGENERATED FILE. DO NOT EDIT THIS FILE DIRECTLY.
# yarn lockfile v1


"@tauri-apps/api@^1.0.0-rc.1":
  version "1.0.0-rc.1"
  resolved "https://registry.yarnpkg.com/@tauri-apps/api/-/api-1.0.0-rc.1.tgz#ce26a0fe30d8980a4682d50015eec28ed4a23c1e"
  integrity sha512-VBUOmfT8ea02JB/Qr+FHeaLnug5BRA7ro2pX47q0GZCbZsU9b+iPnOXl0ShJwT0melR7B6iamyhDwkHStMVfQA==
  dependencies:
    type-fest "2.11.2"

"@tauri-apps/cli-darwin-arm64@1.0.0-rc.5":
  version "1.0.0-rc.5"
  resolved "https://registry.yarnpkg.com/@tauri-apps/cli-darwin-arm64/-/cli-darwin-arm64-1.0.0-rc.5.tgz#9374be8c96afa1cf77b5647bc81fe1a05006757d"
  integrity sha512-X+3EIAUGfoL8uE6PBADZC8FcUISe4JPQCxXgaVv6ehoZGoCh/pFJF7AvBGTQxbnvngqM7Xce4Lmh63Io2/5ggw==

"@tauri-apps/cli-darwin-x64@1.0.0-rc.5":
  version "1.0.0-rc.5"
  resolved "https://registry.yarnpkg.com/@tauri-apps/cli-darwin-x64/-/cli-darwin-x64-1.0.0-rc.5.tgz#4db1dd56a228bfafe5b3f64c7661abbe5606e804"
  integrity sha512-fEpgOdAvKdq9C5/yip8RnwP1VS+nRrtKdzzplu4jY6njDVH/Vom8mg+EfXkCY5RveCaoskJMFgUvt10IGeZHBA==

"@tauri-apps/cli-linux-arm-gnueabihf@1.0.0-rc.5":
  version "1.0.0-rc.5"
  resolved "https://registry.yarnpkg.com/@tauri-apps/cli-linux-arm-gnueabihf/-/cli-linux-arm-gnueabihf-1.0.0-rc.5.tgz#0f1ff84c534908a54fbe63b45004abc6d4f03f4d"
  integrity sha512-V7sWSBrpLyvkQxpkHIM8JltYqQhiTpThySDjO8POtrTqkRwM5BXORcCYhxTAKCedecfYK/RNUJ6Q0t7+3jS6DQ==

"@tauri-apps/cli-linux-arm64-gnu@1.0.0-rc.5":
  version "1.0.0-rc.5"
  resolved "https://registry.yarnpkg.com/@tauri-apps/cli-linux-arm64-gnu/-/cli-linux-arm64-gnu-1.0.0-rc.5.tgz#c5d2f1dd962d80a1958261229778b410b86254d4"
  integrity sha512-HhM+2FInxtUAI/41LF4fDEzmhLQUq6DOoo7fLN94vgWlhsPyWZoDGP9pA043XbO86+4OX5JZUW1SnTVXMwEaMA==

"@tauri-apps/cli-linux-arm64-musl@1.0.0-rc.5":
  version "1.0.0-rc.5"
  resolved "https://registry.yarnpkg.com/@tauri-apps/cli-linux-arm64-musl/-/cli-linux-arm64-musl-1.0.0-rc.5.tgz#f485db9ca5402f5d2c4585801a3aaa4519bd67e8"
  integrity sha512-DhHdKOhf3+peA/sM0c9CpxK89cp8GVwOB5osFW55fxBZbD0mJFeL2SzjkgfGFqFu6Ci/ZiibQGfEp8XTC8OsYA==

"@tauri-apps/cli-linux-x64-gnu@1.0.0-rc.5":
  version "1.0.0-rc.5"
  resolved "https://registry.yarnpkg.com/@tauri-apps/cli-linux-x64-gnu/-/cli-linux-x64-gnu-1.0.0-rc.5.tgz#e468939585bc98e80ec827d0a3d8ba06a7cc38e8"
  integrity sha512-pZzsOHRGG/mdcn7fF/yOIOdeVzGxZUtZqvlGSd90ZM9Ps3//uYGCBHoNTbeSwp/V6+D0KVDaSCbm9lYlHoXcdA==

"@tauri-apps/cli-linux-x64-musl@1.0.0-rc.5":
  version "1.0.0-rc.5"
  resolved "https://registry.yarnpkg.com/@tauri-apps/cli-linux-x64-musl/-/cli-linux-x64-musl-1.0.0-rc.5.tgz#a1308e93850555f2b6c97b5d7cdbbb9afaa803e2"
  integrity sha512-COwWCbOhEjBlzGRGTa0ESO4/AiC0cBZ2UEPExRn++S+kWSPJ2vsyMdCLu3hiMy1ABSIRcQ4Vc68M1iVkLhOHHw==

"@tauri-apps/cli-win32-x64-msvc@1.0.0-rc.5":
  version "1.0.0-rc.5"
  resolved "https://registry.yarnpkg.com/@tauri-apps/cli-win32-x64-msvc/-/cli-win32-x64-msvc-1.0.0-rc.5.tgz#d15c95143d9123d10c510e28ba90df5349b68ecd"
  integrity sha512-zzizUmPWvnWjj+IUCk36kVjS9j1Bg5JmnwOW5QdX26+a64q5vocmVimCgrfZ5STw3sDFXE++S55ghpzhhH5o+g==

"@tauri-apps/cli@^1.0.0-rc.5":
  version "1.0.0-rc.5"
  resolved "https://registry.yarnpkg.com/@tauri-apps/cli/-/cli-1.0.0-rc.5.tgz#db8ca22c9f55f5400d1c6addd78ee1df5dc15a29"
  integrity sha512-Q3D0R5YdZRA5EcL206hwwKCyXpet2mRDcfaRTU/IXwF73bS4AMja+JdAGfO2cyHuSvXd+b//Cgbei2zCG8M6hw==
  optionalDependencies:
    "@tauri-apps/cli-darwin-arm64" "1.0.0-rc.5"
    "@tauri-apps/cli-darwin-x64" "1.0.0-rc.5"
    "@tauri-apps/cli-linux-arm-gnueabihf" "1.0.0-rc.5"
    "@tauri-apps/cli-linux-arm64-gnu" "1.0.0-rc.5"
    "@tauri-apps/cli-linux-arm64-musl" "1.0.0-rc.5"
    "@tauri-apps/cli-linux-x64-gnu" "1.0.0-rc.5"
    "@tauri-apps/cli-linux-x64-musl" "1.0.0-rc.5"
    "@tauri-apps/cli-win32-x64-msvc" "1.0.0-rc.5"

"@types/google-protobuf@^3.15.5":
  version "3.15.5"
  resolved "https://registry.yarnpkg.com/@types/google-protobuf/-/google-protobuf-3.15.5.tgz#644b2be0f5613b1f822c70c73c6b0e0b5b5fa2ad"
  integrity sha512-6bgv24B+A2bo9AfzReeg5StdiijKzwwnRflA8RLd1V4Yv995LeTmo0z69/MPbBDFSiZWdZHQygLo/ccXhMEDgw==

cross-env@^7.0.3:
  version "7.0.3"
  resolved "https://registry.yarnpkg.com/cross-env/-/cross-env-7.0.3.tgz#865264b29677dc015ba8418918965dd232fc54cf"
  integrity sha512-+/HKd6EgcQCJGh2PSjZuUitQBQynKor4wrFbRg4DtAgS1aWO+gU52xpH7M9ScGgXSYmAVS9bIJ8EzuaGw0oNAw==
  dependencies:
    cross-spawn "^7.0.1"

cross-spawn@^7.0.1:
  version "7.0.3"
  resolved "https://registry.yarnpkg.com/cross-spawn/-/cross-spawn-7.0.3.tgz#f73a85b9d5d41d045551c177e2882d4ac85728a6"
  integrity sha512-iRDPJKUPVEND7dHPO8rkbOnPpyDygcDFtWjpeWNCgy8WP2rXcxXL8TskReQl6OrB2G7+UJrags1q15Fudc7G6w==
  dependencies:
    path-key "^3.1.0"
    shebang-command "^2.0.0"
    which "^2.0.1"

isexe@^2.0.0:
  version "2.0.0"
  resolved "https://registry.yarnpkg.com/isexe/-/isexe-2.0.0.tgz#e8fbf374dc556ff8947a10dcb0572d633f2cfa10"
  integrity sha1-6PvzdNxVb/iUehDcsFctYz8s+hA=

path-key@^3.1.0:
  version "3.1.1"
  resolved "https://registry.yarnpkg.com/path-key/-/path-key-3.1.1.tgz#581f6ade658cbba65a0d3380de7753295054f375"
  integrity sha512-ojmeN0qd+y0jszEtoY48r0Peq5dwMEkIlCOu6Q5f41lfkswXuKtYrhgoTpLnyIcHm24Uhqx+5Tqm2InSwLhE6Q==

shebang-command@^2.0.0:
  version "2.0.0"
  resolved "https://registry.yarnpkg.com/shebang-command/-/shebang-command-2.0.0.tgz#ccd0af4f8835fbdc265b82461aaf0c36663f34ea"
  integrity sha512-kHxr2zZpYtdmrN1qDjrrX/Z1rR1kG8Dx+gkpK1G4eXmvXswmcE1hTWBWYUzlraYw1/yZp6YuDY77YtvbN0dmDA==
  dependencies:
    shebang-regex "^3.0.0"

shebang-regex@^3.0.0:
  version "3.0.0"
  resolved "https://registry.yarnpkg.com/shebang-regex/-/shebang-regex-3.0.0.tgz#ae16f1644d873ecad843b0307b143362d4c42172"
  integrity sha512-7++dFhtcx3353uBaq8DDR4NuxBetBzC7ZQOhmTQInHEd6bSrXdiEyzCvG07Z44UYdLShWUyXt5M/yhz8ekcb1A==

type-fest@2.11.2:
  version "2.11.2"
  resolved "https://registry.yarnpkg.com/type-fest/-/type-fest-2.11.2.tgz#5534a919858bc517492cd3a53a673835a76d2e71"
  integrity sha512-reW2Y2Mpn0QNA/5fvtm5doROLwDPu2zOm5RtY7xQQS05Q7xgC8MOZ3yPNaP9m/s/sNjjFQtHo7VCNqYW2iI+Ig==

which@^2.0.1:
  version "2.0.2"
  resolved "https://registry.yarnpkg.com/which/-/which-2.0.2.tgz#7c6a8dd0a636a0327e10b59c9286eee93f3f51b1"
  integrity sha512-BLI3Tl1TW3Pvl70l3yq3Y64i+awpwXqsGBYWkkqMtnbXgrMD+yj7rhW0kuEDxzJaYXGjEW5ogapKNMEKNMjibA==
  dependencies:
    isexe "^2.0.0"
